
Microsoft Visual Studio Solution File, Format Version 12.00
# Visual Studio Version 17
VisualStudioVersion = 17.9.34728.123
MinimumVisualStudioVersion = 10.0.40219.1
Project("{888888A0-9F3D-457C-B088-3A5042F75D52}") = "Dijkstras_algorithm_python", "Dijkstras_algorithm_python\Dijkstras_algorithm_python.pyproj", "{B3584EB7-20CA-44EE-AEF0-433F698CD212}"
EndProject
Global
	GlobalSection(SolutionConfigurationPlatforms) = preSolution
		Debug|Any CPU = Debug|Any CPU
		Release|Any CPU = Release|Any CPU
	EndGlobalSection
	GlobalSection(ProjectConfigurationPlatforms) = postSolution
		{B3584EB7-20CA-44EE-AEF0-433F698CD212}.Debug|Any CPU.ActiveCfg = Debug|Any CPU
		{B3584EB7-20CA-44EE-AEF0-433F698CD212}.Release|Any CPU.ActiveCfg = Release|Any CPU
	EndGlobalSection
	GlobalSection(SolutionProperties) = preSolution
		HideSolutionNode = FALSE
	EndGlobalSection
	GlobalSection(ExtensibilityGlobals) = postSolution
		SolutionGuid = {B7A36374-BE76-4DA4-801E-638FAE68361E}
	EndGlobalSection
EndGlobal
